
Microsoft Visual Studio Solution File, Format Version 12.00
# Visual Studio Version 17
VisualStudioVersion = 17.3.32825.248
MinimumVisualStudioVersion = 10.0.40219.1
Project("{FAE04EC0-301F-11D3-BF4B-00C04F79EFBC}") = "Lab8CSharp", "Lab8CSharp\Lab8CSharp.csproj", "{5049AC6A-2B5A-4941-B140-97B605153B6E}"
EndProject
Project("{FAE04EC0-301F-11D3-BF4B-00C04F79EFBC}") = "WinFormsLab8", "WinFormsLab8\WinFormsLab8.csproj", "{90E5BD44-9E4F-4CB4-B639-3709D17BCF48}"
EndProject
Project("{FAE04EC0-301F-11D3-BF4B-00C04F79EFBC}") = "ConsoleApp1", "ConsoleApp1\ConsoleApp1.csproj", "{3C9735DB-7F29-4E8A-8F55-45828689A58A}"
EndProject
Project("{FAE04EC0-301F-11D3-BF4B-00C04F79EFBC}") = "ConsoleApp2", "ConsoleApp2\ConsoleApp2.csproj", "{F6D0FABC-11ED-45E2-98F3-3CAFF70C71DB}"
EndProject
Project("{FAE04EC0-301F-11D3-BF4B-00C04F79EFBC}") = "ConsoleApp3", "ConsoleApp3\ConsoleApp3.csproj", "{73DBD8FA-53AB-4830-86A8-39886538372F}"
EndProject
Project("{FAE04EC0-301F-11D3-BF4B-00C04F79EFBC}") = "ConsoleApp4", "ConsoleApp4\ConsoleApp4.csproj", "{15C67980-1889-4513-88E5-875225436B33}"
EndProject
Global
	GlobalSection(SolutionConfigurationPlatforms) = preSolution
		Debug|Any CPU = Debug|Any CPU
		Release|Any CPU = Release|Any CPU
	EndGlobalSection
	GlobalSection(ProjectConfigurationPlatforms) = postSolution
		{5049AC6A-2B5A-4941-B140-97B605153B6E}.Debug|Any CPU.ActiveCfg = Debug|Any CPU
		{5049AC6A-2B5A-4941-B140-97B605153B6E}.Debug|Any CPU.Build.0 = Debug|Any CPU
		{5049AC6A-2B5A-4941-B140-97B605153B6E}.Release|Any CPU.ActiveCfg = Release|Any CPU
		{5049AC6A-2B5A-4941-B140-97B605153B6E}.Release|Any CPU.Build.0 = Release|Any CPU
		{90E5BD44-9E4F-4CB4-B639-3709D17BCF48}.Debug|Any CPU.ActiveCfg = Debug|Any CPU
		{90E5BD44-9E4F-4CB4-B639-3709D17BCF48}.Debug|Any CPU.Build.0 = Debug|Any CPU
		{90E5BD44-9E4F-4CB4-B639-3709D17BCF48}.Release|Any CPU.ActiveCfg = Release|Any CPU
		{90E5BD44-9E4F-4CB4-B639-3709D17BCF48}.Release|Any CPU.Build.0 = Release|Any CPU
		{3C9735DB-7F29-4E8A-8F55-45828689A58A}.Debug|Any CPU.ActiveCfg = Debug|Any CPU
		{3C9735DB-7F29-4E8A-8F55-45828689A58A}.Debug|Any CPU.Build.0 = Debug|Any CPU
		{3C9735DB-7F29-4E8A-8F55-45828689A58A}.Release|Any CPU.ActiveCfg = Release|Any CPU
		{3C9735DB-7F29-4E8A-8F55-45828689A58A}.Release|Any CPU.Build.0 = Release|Any CPU
		{F6D0FABC-11ED-45E2-98F3-3CAFF70C71DB}.Debug|Any CPU.ActiveCfg = Debug|Any CPU
		{F6D0FABC-11ED-45E2-98F3-3CAFF70C71DB}.Debug|Any CPU.Build.0 = Debug|Any CPU
		{F6D0FABC-11ED-45E2-98F3-3CAFF70C71DB}.Release|Any CPU.ActiveCfg = Release|Any CPU
		{F6D0FABC-11ED-45E2-98F3-3CAFF70C71DB}.Release|Any CPU.Build.0 = Release|Any CPU
		{73DBD8FA-53AB-4830-86A8-39886538372F}.Debug|Any CPU.ActiveCfg = Debug|Any CPU
		{73DBD8FA-53AB-4830-86A8-39886538372F}.Debug|Any CPU.Build.0 = Debug|Any CPU
		{73DBD8FA-53AB-4830-86A8-39886538372F}.Release|Any CPU.ActiveCfg = Release|Any CPU
		{73DBD8FA-53AB-4830-86A8-39886538372F}.Release|Any CPU.Build.0 = Release|Any CPU
		{15C67980-1889-4513-88E5-875225436B33}.Debug|Any CPU.ActiveCfg = Debug|Any CPU
		{15C67980-1889-4513-88E5-875225436B33}.Debug|Any CPU.Build.0 = Debug|Any CPU
		{15C67980-1889-4513-88E5-875225436B33}.Release|Any CPU.ActiveCfg = Release|Any CPU
		{15C67980-1889-4513-88E5-875225436B33}.Release|Any CPU.Build.0 = Release|Any CPU
	EndGlobalSection
	GlobalSection(SolutionProperties) = preSolution
		HideSolutionNode = FALSE
	EndGlobalSection
	GlobalSection(ExtensibilityGlobals) = postSolution
		SolutionGuid = {F9F03128-EF7E-45E2-815D-C2CEEC0BC5A0}
	EndGlobalSection
EndGlobal
